
Microsoft Visual Studio Solution File, Format Version 12.00
# Visual Studio 15
VisualStudioVersion = 15.0.27428.2002
MinimumVisualStudioVersion = 10.0.40219.1
Project("{FAE04EC0-301F-11D3-BF4B-00C04F79EFBC}") = "RemoteDebug", "RemoteDebug\RemoteDebug.csproj", "{3C9A4407-1B1B-4D51-AE13-381215BCA3C0}"
EndProject
Global
	GlobalSection(SolutionConfigurationPlatforms) = preSolution
		Debug|Any CPU = Debug|Any CPU
		Release|Any CPU = Release|Any CPU
	EndGlobalSection
	GlobalSection(ProjectConfigurationPlatforms) = postSolution
		{3C9A4407-1B1B-4D51-AE13-381215BCA3C0}.Debug|Any CPU.ActiveCfg = Debug|Any CPU
		{3C9A4407-1B1B-4D51-AE13-381215BCA3C0}.Debug|Any CPU.Build.0 = Debug|Any CPU
		{3C9A4407-1B1B-4D51-AE13-381215BCA3C0}.Release|Any CPU.ActiveCfg = Release|Any CPU
		{3C9A4407-1B1B-4D51-AE13-381215BCA3C0}.Release|Any CPU.Build.0 = Release|Any CPU
	EndGlobalSection
	GlobalSection(SolutionProperties) = preSolution
		HideSolutionNode = FALSE
	EndGlobalSection
	GlobalSection(ExtensibilityGlobals) = postSolution
		SolutionGuid = {B687ED2C-FA50-48A1-9119-85F6424A7433}
	EndGlobalSection
EndGlobal
